
Microsoft Visual Studio Solution File, Format Version 12.00
# Visual Studio Version 17
VisualStudioVersion = 17.1.32328.378
MinimumVisualStudioVersion = 10.0.40219.1
Project("{FAE04EC0-301F-11D3-BF4B-00C04F79EFBC}") = "ConsoleApp4", "ConsoleApp4\ConsoleApp4.csproj", "{66883633-902E-49FC-A816-32F96E931189}"
EndProject
Global
	GlobalSection(SolutionConfigurationPlatforms) = preSolution
		Debug|Any CPU = Debug|Any CPU
		Release|Any CPU = Release|Any CPU
	EndGlobalSection
	GlobalSection(ProjectConfigurationPlatforms) = postSolution
		{66883633-902E-49FC-A816-32F96E931189}.Debug|Any CPU.ActiveCfg = Debug|Any CPU
		{66883633-902E-49FC-A816-32F96E931189}.Debug|Any CPU.Build.0 = Debug|Any CPU
		{66883633-902E-49FC-A816-32F96E931189}.Release|Any CPU.ActiveCfg = Release|Any CPU
		{66883633-902E-49FC-A816-32F96E931189}.Release|Any CPU.Build.0 = Release|Any CPU
	EndGlobalSection
	GlobalSection(SolutionProperties) = preSolution
		HideSolutionNode = FALSE
	EndGlobalSection
	GlobalSection(ExtensibilityGlobals) = postSolution
		SolutionGuid = {BCED7BF3-1FB1-40A0-B3B0-6AB052295867}
	EndGlobalSection
EndGlobal
